
Microsoft Visual Studio Solution File, Format Version 12.00
# Visual Studio 14
VisualStudioVersion = 14.0.25420.1
MinimumVisualStudioVersion = 10.0.40219.1
Project("{2150E333-8FDC-42A3-9474-1A3956D46DE8}") = "Entities", "Entities", "{3E9826B6-7390-4346-8BC7-BABF9A92D0C8}"
EndProject
Project("{2150E333-8FDC-42A3-9474-1A3956D46DE8}") = "Components", "Components", "{BF230915-9617-4C15-9E46-F8B4A4AAE9AC}"
EndProject
Project("{FAE04EC0-301F-11D3-BF4B-00C04F79EFBC}") = "GeoPaint.Component", "GeoWeb.DTO\GeoPaint.Component.csproj", "{93B2999B-F895-45AC-9687-94084344F150}"
EndProject
Project("{FAE04EC0-301F-11D3-BF4B-00C04F79EFBC}") = "GeoPaint.Entities", "GeoWeb.Entities\GeoPaint.Entities.csproj", "{8699BFE9-FBF5-4A1F-8263-5440177574C2}"
EndProject
Project("{2150E333-8FDC-42A3-9474-1A3956D46DE8}") = "Business", "Business", "{4A30C612-36EF-4F38-A659-F00FBFD4C0CF}"
EndProject
Project("{FAE04EC0-301F-11D3-BF4B-00C04F79EFBC}") = "GeoPaint.Engine", "GeoWeb.Engine\GeoPaint.Engine.csproj", "{B39781A7-B892-45C9-AEBC-E522FDB3694D}"
EndProject
Project("{2150E333-8FDC-42A3-9474-1A3956D46DE8}") = "Data", "Data", "{224361F6-E61C-49D3-83BB-2394FA5C1987}"
EndProject
Project("{FAE04EC0-301F-11D3-BF4B-00C04F79EFBC}") = "GeoPaint.Data", "GeoPaint.Data\GeoPaint.Data.csproj", "{0BC2BCE7-1D78-4076-A7CD-CDC73CF8AD76}"
EndProject
Project("{FAE04EC0-301F-11D3-BF4B-00C04F79EFBC}") = "GeoPaint.Data.Contracts", "GeoPaint.Data.Contracts\GeoPaint.Data.Contracts.csproj", "{F9150889-182C-4AC3-82D2-F99C793D8E76}"
EndProject
Project("{2150E333-8FDC-42A3-9474-1A3956D46DE8}") = "Common", "Common", "{6956AD68-8B7E-47A9-A255-8902FAFACB54}"
EndProject
Project("{FAE04EC0-301F-11D3-BF4B-00C04F79EFBC}") = "GeoPaint.Settings", "GeoPaint.Settings\GeoPaint.Settings.csproj", "{5D43774A-5C70-49D4-BCA3-28E3137A18FF}"
EndProject
Project("{FAE04EC0-301F-11D3-BF4B-00C04F79EFBC}") = "GeoPaint.Common", "GeoPaint.Common\GeoPaint.Common.csproj", "{D617419F-2B29-4C0D-9071-2115C978FA01}"
EndProject
Project("{FAE04EC0-301F-11D3-BF4B-00C04F79EFBC}") = "GeoPaint.Engine.Contracts", "GeoPaint.Engine.Contracts\GeoPaint.Engine.Contracts.csproj", "{9CF510A0-1F86-46D0-8C35-7BBF82384F31}"
EndProject
Project("{2150E333-8FDC-42A3-9474-1A3956D46DE8}") = "Host", "Host", "{3C5D0A75-14FC-4A3E-890F-61084E46536D}"
EndProject
Project("{FAE04EC0-301F-11D3-BF4B-00C04F79EFBC}") = "GeoWeb.ServiceHost", "GeoWeb.ServiceHost\GeoWeb.ServiceHost.csproj", "{676F41A2-3A02-4500-B857-BEC4E0E4AF87}"
EndProject
Project("{FAE04EC0-301F-11D3-BF4B-00C04F79EFBC}") = "GeoWeb.Bootstrapper", "GeoWeb.Bootstrapper\GeoWeb.Bootstrapper.csproj", "{0630A127-CED9-4493-AFB2-2F021EA102ED}"
EndProject
Project("{FAE04EC0-301F-11D3-BF4B-00C04F79EFBC}") = "GeoWeb.MEF", "GeoWeb.MEF\GeoWeb.MEF.csproj", "{53F3699A-03D2-47B2-B7F9-4E84B997B895}"
EndProject
Project("{FAE04EC0-301F-11D3-BF4B-00C04F79EFBC}") = "GeoPaint.DTO", "GeoPaint.DTO\GeoPaint.DTO.csproj", "{59CD4D43-C789-4C19-AA23-18F11351EEEB}"
EndProject
Project("{2150E333-8FDC-42A3-9474-1A3956D46DE8}") = "Test", "Test", "{660DCD50-86B1-40B4-B0A6-2D3C45A978C6}"
EndProject
Project("{FAE04EC0-301F-11D3-BF4B-00C04F79EFBC}") = "GeoPaint.Test", "GeoPaint.Test\GeoPaint.Test.csproj", "{0AC40C6D-3614-4CBC-9903-DEB3BD5980FE}"
EndProject
Global
	GlobalSection(SolutionConfigurationPlatforms) = preSolution
		Debug|Any CPU = Debug|Any CPU
		Release|Any CPU = Release|Any CPU
	EndGlobalSection
	GlobalSection(ProjectConfigurationPlatforms) = postSolution
		{93B2999B-F895-45AC-9687-94084344F150}.Debug|Any CPU.ActiveCfg = Debug|Any CPU
		{93B2999B-F895-45AC-9687-94084344F150}.Debug|Any CPU.Build.0 = Debug|Any CPU
		{93B2999B-F895-45AC-9687-94084344F150}.Release|Any CPU.ActiveCfg = Release|Any CPU
		{93B2999B-F895-45AC-9687-94084344F150}.Release|Any CPU.Build.0 = Release|Any CPU
		{8699BFE9-FBF5-4A1F-8263-5440177574C2}.Debug|Any CPU.ActiveCfg = Debug|Any CPU
		{8699BFE9-FBF5-4A1F-8263-5440177574C2}.Debug|Any CPU.Build.0 = Debug|Any CPU
		{8699BFE9-FBF5-4A1F-8263-5440177574C2}.Release|Any CPU.ActiveCfg = Release|Any CPU
		{8699BFE9-FBF5-4A1F-8263-5440177574C2}.Release|Any CPU.Build.0 = Release|Any CPU
		{B39781A7-B892-45C9-AEBC-E522FDB3694D}.Debug|Any CPU.ActiveCfg = Debug|Any CPU
		{B39781A7-B892-45C9-AEBC-E522FDB3694D}.Debug|Any CPU.Build.0 = Debug|Any CPU
		{B39781A7-B892-45C9-AEBC-E522FDB3694D}.Release|Any CPU.ActiveCfg = Release|Any CPU
		{B39781A7-B892-45C9-AEBC-E522FDB3694D}.Release|Any CPU.Build.0 = Release|Any CPU
		{0BC2BCE7-1D78-4076-A7CD-CDC73CF8AD76}.Debug|Any CPU.ActiveCfg = Debug|Any CPU
		{0BC2BCE7-1D78-4076-A7CD-CDC73CF8AD76}.Debug|Any CPU.Build.0 = Debug|Any CPU
		{0BC2BCE7-1D78-4076-A7CD-CDC73CF8AD76}.Release|Any CPU.ActiveCfg = Release|Any CPU
		{0BC2BCE7-1D78-4076-A7CD-CDC73CF8AD76}.Release|Any CPU.Build.0 = Release|Any CPU
		{F9150889-182C-4AC3-82D2-F99C793D8E76}.Debug|Any CPU.ActiveCfg = Debug|Any CPU
		{F9150889-182C-4AC3-82D2-F99C793D8E76}.Debug|Any CPU.Build.0 = Debug|Any CPU
		{F9150889-182C-4AC3-82D2-F99C793D8E76}.Release|Any CPU.ActiveCfg = Release|Any CPU
		{F9150889-182C-4AC3-82D2-F99C793D8E76}.Release|Any CPU.Build.0 = Release|Any CPU
		{5D43774A-5C70-49D4-BCA3-28E3137A18FF}.Debug|Any CPU.ActiveCfg = Debug|Any CPU
		{5D43774A-5C70-49D4-BCA3-28E3137A18FF}.Debug|Any CPU.Build.0 = Debug|Any CPU
		{5D43774A-5C70-49D4-BCA3-28E3137A18FF}.Release|Any CPU.ActiveCfg = Release|Any CPU
		{5D43774A-5C70-49D4-BCA3-28E3137A18FF}.Release|Any CPU.Build.0 = Release|Any CPU
		{D617419F-2B29-4C0D-9071-2115C978FA01}.Debug|Any CPU.ActiveCfg = Debug|Any CPU
		{D617419F-2B29-4C0D-9071-2115C978FA01}.Debug|Any CPU.Build.0 = Debug|Any CPU
		{D617419F-2B29-4C0D-9071-2115C978FA01}.Release|Any CPU.ActiveCfg = Release|Any CPU
		{D617419F-2B29-4C0D-9071-2115C978FA01}.Release|Any CPU.Build.0 = Release|Any CPU
		{9CF510A0-1F86-46D0-8C35-7BBF82384F31}.Debug|Any CPU.ActiveCfg = Debug|Any CPU
		{9CF510A0-1F86-46D0-8C35-7BBF82384F31}.Debug|Any CPU.Build.0 = Debug|Any CPU
		{9CF510A0-1F86-46D0-8C35-7BBF82384F31}.Release|Any CPU.ActiveCfg = Release|Any CPU
		{9CF510A0-1F86-46D0-8C35-7BBF82384F31}.Release|Any CPU.Build.0 = Release|Any CPU
		{676F41A2-3A02-4500-B857-BEC4E0E4AF87}.Debug|Any CPU.ActiveCfg = Debug|Any CPU
		{676F41A2-3A02-4500-B857-BEC4E0E4AF87}.Debug|Any CPU.Build.0 = Debug|Any CPU
		{676F41A2-3A02-4500-B857-BEC4E0E4AF87}.Release|Any CPU.ActiveCfg = Release|Any CPU
		{676F41A2-3A02-4500-B857-BEC4E0E4AF87}.Release|Any CPU.Build.0 = Release|Any CPU
		{0630A127-CED9-4493-AFB2-2F021EA102ED}.Debug|Any CPU.ActiveCfg = Debug|Any CPU
		{0630A127-CED9-4493-AFB2-2F021EA102ED}.Debug|Any CPU.Build.0 = Debug|Any CPU
		{0630A127-CED9-4493-AFB2-2F021EA102ED}.Release|Any CPU.ActiveCfg = Release|Any CPU
		{0630A127-CED9-4493-AFB2-2F021EA102ED}.Release|Any CPU.Build.0 = Release|Any CPU
		{53F3699A-03D2-47B2-B7F9-4E84B997B895}.Debug|Any CPU.ActiveCfg = Debug|Any CPU
		{53F3699A-03D2-47B2-B7F9-4E84B997B895}.Debug|Any CPU.Build.0 = Debug|Any CPU
		{53F3699A-03D2-47B2-B7F9-4E84B997B895}.Release|Any CPU.ActiveCfg = Release|Any CPU
		{53F3699A-03D2-47B2-B7F9-4E84B997B895}.Release|Any CPU.Build.0 = Release|Any CPU
		{59CD4D43-C789-4C19-AA23-18F11351EEEB}.Debug|Any CPU.ActiveCfg = Debug|Any CPU
		{59CD4D43-C789-4C19-AA23-18F11351EEEB}.Debug|Any CPU.Build.0 = Debug|Any CPU
		{59CD4D43-C789-4C19-AA23-18F11351EEEB}.Release|Any CPU.ActiveCfg = Release|Any CPU
		{59CD4D43-C789-4C19-AA23-18F11351EEEB}.Release|Any CPU.Build.0 = Release|Any CPU
		{0AC40C6D-3614-4CBC-9903-DEB3BD5980FE}.Debug|Any CPU.ActiveCfg = Debug|Any CPU
		{0AC40C6D-3614-4CBC-9903-DEB3BD5980FE}.Debug|Any CPU.Build.0 = Debug|Any CPU
		{0AC40C6D-3614-4CBC-9903-DEB3BD5980FE}.Release|Any CPU.ActiveCfg = Release|Any CPU
		{0AC40C6D-3614-4CBC-9903-DEB3BD5980FE}.Release|Any CPU.Build.0 = Release|Any CPU
	EndGlobalSection
	GlobalSection(SolutionProperties) = preSolution
		HideSolutionNode = FALSE
	EndGlobalSection
	GlobalSection(NestedProjects) = preSolution
		{93B2999B-F895-45AC-9687-94084344F150} = {BF230915-9617-4C15-9E46-F8B4A4AAE9AC}
		{8699BFE9-FBF5-4A1F-8263-5440177574C2} = {3E9826B6-7390-4346-8BC7-BABF9A92D0C8}
		{B39781A7-B892-45C9-AEBC-E522FDB3694D} = {4A30C612-36EF-4F38-A659-F00FBFD4C0CF}
		{0BC2BCE7-1D78-4076-A7CD-CDC73CF8AD76} = {224361F6-E61C-49D3-83BB-2394FA5C1987}
		{F9150889-182C-4AC3-82D2-F99C793D8E76} = {224361F6-E61C-49D3-83BB-2394FA5C1987}
		{5D43774A-5C70-49D4-BCA3-28E3137A18FF} = {6956AD68-8B7E-47A9-A255-8902FAFACB54}
		{D617419F-2B29-4C0D-9071-2115C978FA01} = {6956AD68-8B7E-47A9-A255-8902FAFACB54}
		{9CF510A0-1F86-46D0-8C35-7BBF82384F31} = {4A30C612-36EF-4F38-A659-F00FBFD4C0CF}
		{676F41A2-3A02-4500-B857-BEC4E0E4AF87} = {3C5D0A75-14FC-4A3E-890F-61084E46536D}
		{0630A127-CED9-4493-AFB2-2F021EA102ED} = {3C5D0A75-14FC-4A3E-890F-61084E46536D}
		{53F3699A-03D2-47B2-B7F9-4E84B997B895} = {3C5D0A75-14FC-4A3E-890F-61084E46536D}
		{59CD4D43-C789-4C19-AA23-18F11351EEEB} = {3E9826B6-7390-4346-8BC7-BABF9A92D0C8}
		{0AC40C6D-3614-4CBC-9903-DEB3BD5980FE} = {660DCD50-86B1-40B4-B0A6-2D3C45A978C6}
	EndGlobalSection
EndGlobal
